
Microsoft Visual Studio Solution File, Format Version 12.00
# Visual Studio Version 16
VisualStudioVersion = 16.0.30413.136
MinimumVisualStudioVersion = 10.0.40219.1
Project("{FAE04EC0-301F-11D3-BF4B-00C04F79EFBC}") = "1714-jmanka-ex2f", "1714-jmanka-ex2f\1714-jmanka-ex2f.csproj", "{29AAAE83-D62D-4D4D-BF69-ED6C329B1BB4}"
EndProject
Global
	GlobalSection(SolutionConfigurationPlatforms) = preSolution
		Debug|Any CPU = Debug|Any CPU
		Release|Any CPU = Release|Any CPU
	EndGlobalSection
	GlobalSection(ProjectConfigurationPlatforms) = postSolution
		{29AAAE83-D62D-4D4D-BF69-ED6C329B1BB4}.Debug|Any CPU.ActiveCfg = Debug|Any CPU
		{29AAAE83-D62D-4D4D-BF69-ED6C329B1BB4}.Debug|Any CPU.Build.0 = Debug|Any CPU
		{29AAAE83-D62D-4D4D-BF69-ED6C329B1BB4}.Release|Any CPU.ActiveCfg = Release|Any CPU
		{29AAAE83-D62D-4D4D-BF69-ED6C329B1BB4}.Release|Any CPU.Build.0 = Release|Any CPU
	EndGlobalSection
	GlobalSection(SolutionProperties) = preSolution
		HideSolutionNode = FALSE
	EndGlobalSection
	GlobalSection(ExtensibilityGlobals) = postSolution
		SolutionGuid = {322B15A0-C601-44DE-8232-D75EB0583D30}
	EndGlobalSection
EndGlobal
